
Microsoft Visual Studio Solution File, Format Version 12.00
# Visual Studio Version 17
VisualStudioVersion = 17.14.36310.24
MinimumVisualStudioVersion = 10.0.40219.1
Project("{FAE04EC0-301F-11D3-BF4B-00C04F79EFBC}") = "MicroComms.Core", "src\MicroComms.Core\MicroComms.Core.csproj", "{C49D36E0-952B-44DD-BBC2-9F626BB8B651}"
EndProject
Project("{2150E333-8FDC-42A3-9474-1A3956D46DE8}") = "src", "src", "{02EA681E-C7D8-13C7-8484-4AC65E1B71E8}"
EndProject
Project("{2150E333-8FDC-42A3-9474-1A3956D46DE8}") = "tests", "tests", "{5F023FFA-F9E4-4782-948B-55A6F3461EA4}"
EndProject
Project("{2150E333-8FDC-42A3-9474-1A3956D46DE8}") = "examples", "examples", "{242DA602-E719-47BA-BEE1-2E002283AD50}"
EndProject
Project("{2150E333-8FDC-42A3-9474-1A3956D46DE8}") = "microservices", "microservices", "{39E4670B-2D24-4D95-8B16-98A9A918C26B}"
EndProject
Project("{FAE04EC0-301F-11D3-BF4B-00C04F79EFBC}") = "MicroComms.Examples.Microservices.A", "examples\microservices\MicroComms.Examples.Microservices.A\MicroComms.Examples.Microservices.A.csproj", "{21E41BA0-FA67-333F-B620-D4EE077E1114}"
EndProject
Project("{FAE04EC0-301F-11D3-BF4B-00C04F79EFBC}") = "MicroComms.Examples.Microservices.B", "examples\microservices\MicroComms.Examples.Microservices.B\MicroComms.Examples.Microservices.B.csproj", "{9A2476F7-8EF6-2F31-D2FF-3C5837C222A6}"
EndProject
Project("{E53339B2-1760-4266-BCC7-CA923CBCF16C}") = "docker-compose", "examples\microservices\docker-compose.dcproj", "{81DDED9D-158B-E303-5F62-77A2896D2A5A}"
EndProject
Project("{FAE04EC0-301F-11D3-BF4B-00C04F79EFBC}") = "MicroComms.Examples.Microservices.Dto", "examples\microservices\MicroComms.Examples.Microservices.Dto\MicroComms.Examples.Microservices.Dto.csproj", "{7FB89099-3D31-47EB-B547-8CCE5BB682DB}"
EndProject
Project("{FAE04EC0-301F-11D3-BF4B-00C04F79EFBC}") = "MicroComms.Transport.WebSocket", "src\MicroComms.Transport.WebSocket\MicroComms.Transport.WebSocket.csproj", "{1B2F4174-A924-480B-86F4-395F67280EC4}"
EndProject
Project("{FAE04EC0-301F-11D3-BF4B-00C04F79EFBC}") = "MicroComms", "src\MicroComms\MicroComms.csproj", "{AB0E67B0-0789-4DA4-A8CD-FB10E3E254FA}"
EndProject
Project("{FAE04EC0-301F-11D3-BF4B-00C04F79EFBC}") = "MicroComms.Serialization.Json", "src\MicroComms.Serialization.Json\MicroComms.Serialization.Json.csproj", "{BF9EE86E-8538-4636-B58F-512664AE12A3}"
EndProject
Project("{FAE04EC0-301F-11D3-BF4B-00C04F79EFBC}") = "MicroComms.Serialization.MessagePack", "src\MicroComms.Serialization.MessagePack\MicroComms.Serialization.MessagePack.csproj", "{D1DAB688-C684-49F8-B60F-3872A50EEFD2}"
EndProject
Project("{FAE04EC0-301F-11D3-BF4B-00C04F79EFBC}") = "MicroComms.Transport.Http", "src\MicroComms.Transport.Http\MicroComms.Transport.Http.csproj", "{84D3BBB7-73E6-4484-A974-82179939431E}"
EndProject
Project("{FAE04EC0-301F-11D3-BF4B-00C04F79EFBC}") = "MicroComms.Transport.Serial", "src\MicroComms.Transport.Serial\MicroComms.Transport.Serial.csproj", "{AB2BFB53-204E-4BAB-97FB-0641F2AD3D74}"
EndProject
Project("{2150E333-8FDC-42A3-9474-1A3956D46DE8}") = "console", "console", "{53849D77-E5E3-4558-A7E9-3E12A2A20C90}"
EndProject
Project("{FAE04EC0-301F-11D3-BF4B-00C04F79EFBC}") = "ConsoleHttpEcho", "examples\console\ConsoleHttpEcho\ConsoleHttpEcho.csproj", "{A352E47B-E2B1-4024-A1EA-D0DBD5C81AD1}"
EndProject
Project("{FAE04EC0-301F-11D3-BF4B-00C04F79EFBC}") = "ConsoleWebSocketEcho", "examples\console\ConsoleWebSocketEcho\ConsoleWebSocketEcho.csproj", "{5557F16F-7DB0-4DF3-A584-2D16F9586ABC}"
EndProject
Global
	GlobalSection(SolutionConfigurationPlatforms) = preSolution
		Debug|Any CPU = Debug|Any CPU
		Release|Any CPU = Release|Any CPU
	EndGlobalSection
	GlobalSection(ProjectConfigurationPlatforms) = postSolution
		{C49D36E0-952B-44DD-BBC2-9F626BB8B651}.Debug|Any CPU.ActiveCfg = Debug|Any CPU
		{C49D36E0-952B-44DD-BBC2-9F626BB8B651}.Debug|Any CPU.Build.0 = Debug|Any CPU
		{C49D36E0-952B-44DD-BBC2-9F626BB8B651}.Release|Any CPU.ActiveCfg = Release|Any CPU
		{C49D36E0-952B-44DD-BBC2-9F626BB8B651}.Release|Any CPU.Build.0 = Release|Any CPU
		{21E41BA0-FA67-333F-B620-D4EE077E1114}.Debug|Any CPU.ActiveCfg = Debug|Any CPU
		{21E41BA0-FA67-333F-B620-D4EE077E1114}.Debug|Any CPU.Build.0 = Debug|Any CPU
		{21E41BA0-FA67-333F-B620-D4EE077E1114}.Release|Any CPU.ActiveCfg = Release|Any CPU
		{21E41BA0-FA67-333F-B620-D4EE077E1114}.Release|Any CPU.Build.0 = Release|Any CPU
		{9A2476F7-8EF6-2F31-D2FF-3C5837C222A6}.Debug|Any CPU.ActiveCfg = Debug|Any CPU
		{9A2476F7-8EF6-2F31-D2FF-3C5837C222A6}.Debug|Any CPU.Build.0 = Debug|Any CPU
		{9A2476F7-8EF6-2F31-D2FF-3C5837C222A6}.Release|Any CPU.ActiveCfg = Release|Any CPU
		{9A2476F7-8EF6-2F31-D2FF-3C5837C222A6}.Release|Any CPU.Build.0 = Release|Any CPU
		{81DDED9D-158B-E303-5F62-77A2896D2A5A}.Debug|Any CPU.ActiveCfg = Debug|Any CPU
		{81DDED9D-158B-E303-5F62-77A2896D2A5A}.Debug|Any CPU.Build.0 = Debug|Any CPU
		{81DDED9D-158B-E303-5F62-77A2896D2A5A}.Release|Any CPU.ActiveCfg = Release|Any CPU
		{81DDED9D-158B-E303-5F62-77A2896D2A5A}.Release|Any CPU.Build.0 = Release|Any CPU
		{7FB89099-3D31-47EB-B547-8CCE5BB682DB}.Debug|Any CPU.ActiveCfg = Debug|Any CPU
		{7FB89099-3D31-47EB-B547-8CCE5BB682DB}.Debug|Any CPU.Build.0 = Debug|Any CPU
		{7FB89099-3D31-47EB-B547-8CCE5BB682DB}.Release|Any CPU.ActiveCfg = Release|Any CPU
		{7FB89099-3D31-47EB-B547-8CCE5BB682DB}.Release|Any CPU.Build.0 = Release|Any CPU
		{1B2F4174-A924-480B-86F4-395F67280EC4}.Debug|Any CPU.ActiveCfg = Debug|Any CPU
		{1B2F4174-A924-480B-86F4-395F67280EC4}.Debug|Any CPU.Build.0 = Debug|Any CPU
		{1B2F4174-A924-480B-86F4-395F67280EC4}.Release|Any CPU.ActiveCfg = Release|Any CPU
		{1B2F4174-A924-480B-86F4-395F67280EC4}.Release|Any CPU.Build.0 = Release|Any CPU
		{AB0E67B0-0789-4DA4-A8CD-FB10E3E254FA}.Debug|Any CPU.ActiveCfg = Debug|Any CPU
		{AB0E67B0-0789-4DA4-A8CD-FB10E3E254FA}.Debug|Any CPU.Build.0 = Debug|Any CPU
		{AB0E67B0-0789-4DA4-A8CD-FB10E3E254FA}.Release|Any CPU.ActiveCfg = Release|Any CPU
		{AB0E67B0-0789-4DA4-A8CD-FB10E3E254FA}.Release|Any CPU.Build.0 = Release|Any CPU
		{BF9EE86E-8538-4636-B58F-512664AE12A3}.Debug|Any CPU.ActiveCfg = Debug|Any CPU
		{BF9EE86E-8538-4636-B58F-512664AE12A3}.Debug|Any CPU.Build.0 = Debug|Any CPU
		{BF9EE86E-8538-4636-B58F-512664AE12A3}.Release|Any CPU.ActiveCfg = Release|Any CPU
		{BF9EE86E-8538-4636-B58F-512664AE12A3}.Release|Any CPU.Build.0 = Release|Any CPU
		{D1DAB688-C684-49F8-B60F-3872A50EEFD2}.Debug|Any CPU.ActiveCfg = Debug|Any CPU
		{D1DAB688-C684-49F8-B60F-3872A50EEFD2}.Debug|Any CPU.Build.0 = Debug|Any CPU
		{D1DAB688-C684-49F8-B60F-3872A50EEFD2}.Release|Any CPU.ActiveCfg = Release|Any CPU
		{D1DAB688-C684-49F8-B60F-3872A50EEFD2}.Release|Any CPU.Build.0 = Release|Any CPU
		{84D3BBB7-73E6-4484-A974-82179939431E}.Debug|Any CPU.ActiveCfg = Debug|Any CPU
		{84D3BBB7-73E6-4484-A974-82179939431E}.Debug|Any CPU.Build.0 = Debug|Any CPU
		{84D3BBB7-73E6-4484-A974-82179939431E}.Release|Any CPU.ActiveCfg = Release|Any CPU
		{84D3BBB7-73E6-4484-A974-82179939431E}.Release|Any CPU.Build.0 = Release|Any CPU
		{AB2BFB53-204E-4BAB-97FB-0641F2AD3D74}.Debug|Any CPU.ActiveCfg = Debug|Any CPU
		{AB2BFB53-204E-4BAB-97FB-0641F2AD3D74}.Debug|Any CPU.Build.0 = Debug|Any CPU
		{AB2BFB53-204E-4BAB-97FB-0641F2AD3D74}.Release|Any CPU.ActiveCfg = Release|Any CPU
		{AB2BFB53-204E-4BAB-97FB-0641F2AD3D74}.Release|Any CPU.Build.0 = Release|Any CPU
		{A352E47B-E2B1-4024-A1EA-D0DBD5C81AD1}.Debug|Any CPU.ActiveCfg = Debug|Any CPU
		{A352E47B-E2B1-4024-A1EA-D0DBD5C81AD1}.Debug|Any CPU.Build.0 = Debug|Any CPU
		{A352E47B-E2B1-4024-A1EA-D0DBD5C81AD1}.Release|Any CPU.ActiveCfg = Release|Any CPU
		{A352E47B-E2B1-4024-A1EA-D0DBD5C81AD1}.Release|Any CPU.Build.0 = Release|Any CPU
		{5557F16F-7DB0-4DF3-A584-2D16F9586ABC}.Debug|Any CPU.ActiveCfg = Debug|Any CPU
		{5557F16F-7DB0-4DF3-A584-2D16F9586ABC}.Debug|Any CPU.Build.0 = Debug|Any CPU
		{5557F16F-7DB0-4DF3-A584-2D16F9586ABC}.Release|Any CPU.ActiveCfg = Release|Any CPU
		{5557F16F-7DB0-4DF3-A584-2D16F9586ABC}.Release|Any CPU.Build.0 = Release|Any CPU
	EndGlobalSection
	GlobalSection(SolutionProperties) = preSolution
		HideSolutionNode = FALSE
	EndGlobalSection
	GlobalSection(NestedProjects) = preSolution
		{C49D36E0-952B-44DD-BBC2-9F626BB8B651} = {02EA681E-C7D8-13C7-8484-4AC65E1B71E8}
		{39E4670B-2D24-4D95-8B16-98A9A918C26B} = {242DA602-E719-47BA-BEE1-2E002283AD50}
		{21E41BA0-FA67-333F-B620-D4EE077E1114} = {39E4670B-2D24-4D95-8B16-98A9A918C26B}
		{9A2476F7-8EF6-2F31-D2FF-3C5837C222A6} = {39E4670B-2D24-4D95-8B16-98A9A918C26B}
		{81DDED9D-158B-E303-5F62-77A2896D2A5A} = {39E4670B-2D24-4D95-8B16-98A9A918C26B}
		{7FB89099-3D31-47EB-B547-8CCE5BB682DB} = {39E4670B-2D24-4D95-8B16-98A9A918C26B}
		{1B2F4174-A924-480B-86F4-395F67280EC4} = {02EA681E-C7D8-13C7-8484-4AC65E1B71E8}
		{AB0E67B0-0789-4DA4-A8CD-FB10E3E254FA} = {02EA681E-C7D8-13C7-8484-4AC65E1B71E8}
		{BF9EE86E-8538-4636-B58F-512664AE12A3} = {02EA681E-C7D8-13C7-8484-4AC65E1B71E8}
		{D1DAB688-C684-49F8-B60F-3872A50EEFD2} = {02EA681E-C7D8-13C7-8484-4AC65E1B71E8}
		{84D3BBB7-73E6-4484-A974-82179939431E} = {02EA681E-C7D8-13C7-8484-4AC65E1B71E8}
		{AB2BFB53-204E-4BAB-97FB-0641F2AD3D74} = {02EA681E-C7D8-13C7-8484-4AC65E1B71E8}
		{53849D77-E5E3-4558-A7E9-3E12A2A20C90} = {242DA602-E719-47BA-BEE1-2E002283AD50}
		{A352E47B-E2B1-4024-A1EA-D0DBD5C81AD1} = {53849D77-E5E3-4558-A7E9-3E12A2A20C90}
		{5557F16F-7DB0-4DF3-A584-2D16F9586ABC} = {53849D77-E5E3-4558-A7E9-3E12A2A20C90}
	EndGlobalSection
	GlobalSection(ExtensibilityGlobals) = postSolution
		SolutionGuid = {93F029C1-2028-41D4-B42F-30FEEEDE9F2F}
	EndGlobalSection
EndGlobal
