
Microsoft Visual Studio Solution File, Format Version 12.00
# Visual Studio Version 17
VisualStudioVersion = 17.14.36310.24
MinimumVisualStudioVersion = 10.0.40219.1
Project("{FAE04EC0-301F-11D3-BF4B-00C04F79EFBC}") = "MicroComms.Core", "src\MicroComms.Core\MicroComms.Core.csproj", "{C49D36E0-952B-44DD-BBC2-9F626BB8B651}"
EndProject
Project("{FAE04EC0-301F-11D3-BF4B-00C04F79EFBC}") = "MicroComms.Serialization", "src\MicroComms.Serialization\MicroComms.Serialization.csproj", "{3500E0A1-11A4-482A-B5CC-B7EFF304DBC6}"
EndProject
Project("{FAE04EC0-301F-11D3-BF4B-00C04F79EFBC}") = "MicroComms.Transport", "src\MicroComms.Transport\MicroComms.Transport.csproj", "{D9C3A05C-9C1B-4536-B652-13134F729C0D}"
EndProject
Project("{FAE04EC0-301F-11D3-BF4B-00C04F79EFBC}") = "MicroComms.Client", "src\MicroComms.Client\MicroComms.Client.csproj", "{DBF94C85-C1C5-48C6-B757-B7FAF021AAE6}"
EndProject
Project("{FAE04EC0-301F-11D3-BF4B-00C04F79EFBC}") = "MicroComms.Server", "src\MicroComms.Server\MicroComms.Server.csproj", "{EFD59F2C-131B-4973-875D-23F02848937F}"
EndProject
Project("{2150E333-8FDC-42A3-9474-1A3956D46DE8}") = "src", "src", "{02EA681E-C7D8-13C7-8484-4AC65E1B71E8}"
EndProject
Project("{2150E333-8FDC-42A3-9474-1A3956D46DE8}") = "tests", "tests", "{5F023FFA-F9E4-4782-948B-55A6F3461EA4}"
EndProject
Project("{FAE04EC0-301F-11D3-BF4B-00C04F79EFBC}") = "MicroComms.Serialization.Tests", "tests\MicroComms.Serialization.Tests\MicroComms.Serialization.Tests.csproj", "{12719837-931C-71FE-E7CC-EDEC1D39200F}"
EndProject
Project("{FAE04EC0-301F-11D3-BF4B-00C04F79EFBC}") = "MicroComms.Client.Tests", "tests\MicroComms.Client.Tests\MicroComms.Client.Tests.csproj", "{422A6D69-1A72-4D0D-BEB4-BF94B4F2613F}"
EndProject
Project("{FAE04EC0-301F-11D3-BF4B-00C04F79EFBC}") = "MicroComms.Transport.Tests", "tests\MicroComms.Transport.Tests\MicroComms.Transport.Tests.csproj", "{5F8EB14A-C015-4537-B0E6-91C1399426BA}"
EndProject
Project("{FAE04EC0-301F-11D3-BF4B-00C04F79EFBC}") = "MicroComms.Server.Tests", "tests\MicroComms.Server.Tests\MicroComms.Server.Tests.csproj", "{C7771781-41E1-4700-82D2-443762E85032}"
EndProject
Project("{2150E333-8FDC-42A3-9474-1A3956D46DE8}") = "examples", "examples", "{242DA602-E719-47BA-BEE1-2E002283AD50}"
EndProject
Project("{2150E333-8FDC-42A3-9474-1A3956D46DE8}") = "microservices", "microservices", "{39E4670B-2D24-4D95-8B16-98A9A918C26B}"
EndProject
Project("{FAE04EC0-301F-11D3-BF4B-00C04F79EFBC}") = "MicroComms.Examples.Microservices.A", "examples\microservices\MicroComms.Examples.Microservices.A\MicroComms.Examples.Microservices.A.csproj", "{21E41BA0-FA67-333F-B620-D4EE077E1114}"
EndProject
Project("{FAE04EC0-301F-11D3-BF4B-00C04F79EFBC}") = "MicroComms.Examples.Microservices.B", "examples\microservices\MicroComms.Examples.Microservices.B\MicroComms.Examples.Microservices.B.csproj", "{9A2476F7-8EF6-2F31-D2FF-3C5837C222A6}"
EndProject
Project("{E53339B2-1760-4266-BCC7-CA923CBCF16C}") = "docker-compose", "examples\microservices\docker-compose.dcproj", "{81DDED9D-158B-E303-5F62-77A2896D2A5A}"
EndProject
Project("{FAE04EC0-301F-11D3-BF4B-00C04F79EFBC}") = "MicroComms.Examples.Microservices.Dto", "examples\microservices\MicroComms.Examples.Microservices.Dto\MicroComms.Examples.Microservices.Dto.csproj", "{7FB89099-3D31-47EB-B547-8CCE5BB682DB}"
EndProject
Global
	GlobalSection(SolutionConfigurationPlatforms) = preSolution
		Debug|Any CPU = Debug|Any CPU
		Release|Any CPU = Release|Any CPU
	EndGlobalSection
	GlobalSection(ProjectConfigurationPlatforms) = postSolution
		{C49D36E0-952B-44DD-BBC2-9F626BB8B651}.Debug|Any CPU.ActiveCfg = Debug|Any CPU
		{C49D36E0-952B-44DD-BBC2-9F626BB8B651}.Debug|Any CPU.Build.0 = Debug|Any CPU
		{C49D36E0-952B-44DD-BBC2-9F626BB8B651}.Release|Any CPU.ActiveCfg = Release|Any CPU
		{C49D36E0-952B-44DD-BBC2-9F626BB8B651}.Release|Any CPU.Build.0 = Release|Any CPU
		{3500E0A1-11A4-482A-B5CC-B7EFF304DBC6}.Debug|Any CPU.ActiveCfg = Debug|Any CPU
		{3500E0A1-11A4-482A-B5CC-B7EFF304DBC6}.Debug|Any CPU.Build.0 = Debug|Any CPU
		{3500E0A1-11A4-482A-B5CC-B7EFF304DBC6}.Release|Any CPU.ActiveCfg = Release|Any CPU
		{3500E0A1-11A4-482A-B5CC-B7EFF304DBC6}.Release|Any CPU.Build.0 = Release|Any CPU
		{D9C3A05C-9C1B-4536-B652-13134F729C0D}.Debug|Any CPU.ActiveCfg = Debug|Any CPU
		{D9C3A05C-9C1B-4536-B652-13134F729C0D}.Debug|Any CPU.Build.0 = Debug|Any CPU
		{D9C3A05C-9C1B-4536-B652-13134F729C0D}.Release|Any CPU.ActiveCfg = Release|Any CPU
		{D9C3A05C-9C1B-4536-B652-13134F729C0D}.Release|Any CPU.Build.0 = Release|Any CPU
		{DBF94C85-C1C5-48C6-B757-B7FAF021AAE6}.Debug|Any CPU.ActiveCfg = Debug|Any CPU
		{DBF94C85-C1C5-48C6-B757-B7FAF021AAE6}.Debug|Any CPU.Build.0 = Debug|Any CPU
		{DBF94C85-C1C5-48C6-B757-B7FAF021AAE6}.Release|Any CPU.ActiveCfg = Release|Any CPU
		{DBF94C85-C1C5-48C6-B757-B7FAF021AAE6}.Release|Any CPU.Build.0 = Release|Any CPU
		{EFD59F2C-131B-4973-875D-23F02848937F}.Debug|Any CPU.ActiveCfg = Debug|Any CPU
		{EFD59F2C-131B-4973-875D-23F02848937F}.Debug|Any CPU.Build.0 = Debug|Any CPU
		{EFD59F2C-131B-4973-875D-23F02848937F}.Release|Any CPU.ActiveCfg = Release|Any CPU
		{EFD59F2C-131B-4973-875D-23F02848937F}.Release|Any CPU.Build.0 = Release|Any CPU
		{12719837-931C-71FE-E7CC-EDEC1D39200F}.Debug|Any CPU.ActiveCfg = Debug|Any CPU
		{12719837-931C-71FE-E7CC-EDEC1D39200F}.Debug|Any CPU.Build.0 = Debug|Any CPU
		{12719837-931C-71FE-E7CC-EDEC1D39200F}.Release|Any CPU.ActiveCfg = Release|Any CPU
		{12719837-931C-71FE-E7CC-EDEC1D39200F}.Release|Any CPU.Build.0 = Release|Any CPU
		{422A6D69-1A72-4D0D-BEB4-BF94B4F2613F}.Debug|Any CPU.ActiveCfg = Debug|Any CPU
		{422A6D69-1A72-4D0D-BEB4-BF94B4F2613F}.Debug|Any CPU.Build.0 = Debug|Any CPU
		{422A6D69-1A72-4D0D-BEB4-BF94B4F2613F}.Release|Any CPU.ActiveCfg = Release|Any CPU
		{422A6D69-1A72-4D0D-BEB4-BF94B4F2613F}.Release|Any CPU.Build.0 = Release|Any CPU
		{5F8EB14A-C015-4537-B0E6-91C1399426BA}.Debug|Any CPU.ActiveCfg = Debug|Any CPU
		{5F8EB14A-C015-4537-B0E6-91C1399426BA}.Debug|Any CPU.Build.0 = Debug|Any CPU
		{5F8EB14A-C015-4537-B0E6-91C1399426BA}.Release|Any CPU.ActiveCfg = Release|Any CPU
		{5F8EB14A-C015-4537-B0E6-91C1399426BA}.Release|Any CPU.Build.0 = Release|Any CPU
		{C7771781-41E1-4700-82D2-443762E85032}.Debug|Any CPU.ActiveCfg = Debug|Any CPU
		{C7771781-41E1-4700-82D2-443762E85032}.Debug|Any CPU.Build.0 = Debug|Any CPU
		{C7771781-41E1-4700-82D2-443762E85032}.Release|Any CPU.ActiveCfg = Release|Any CPU
		{C7771781-41E1-4700-82D2-443762E85032}.Release|Any CPU.Build.0 = Release|Any CPU
		{21E41BA0-FA67-333F-B620-D4EE077E1114}.Debug|Any CPU.ActiveCfg = Debug|Any CPU
		{21E41BA0-FA67-333F-B620-D4EE077E1114}.Debug|Any CPU.Build.0 = Debug|Any CPU
		{21E41BA0-FA67-333F-B620-D4EE077E1114}.Release|Any CPU.ActiveCfg = Release|Any CPU
		{21E41BA0-FA67-333F-B620-D4EE077E1114}.Release|Any CPU.Build.0 = Release|Any CPU
		{9A2476F7-8EF6-2F31-D2FF-3C5837C222A6}.Debug|Any CPU.ActiveCfg = Debug|Any CPU
		{9A2476F7-8EF6-2F31-D2FF-3C5837C222A6}.Debug|Any CPU.Build.0 = Debug|Any CPU
		{9A2476F7-8EF6-2F31-D2FF-3C5837C222A6}.Release|Any CPU.ActiveCfg = Release|Any CPU
		{9A2476F7-8EF6-2F31-D2FF-3C5837C222A6}.Release|Any CPU.Build.0 = Release|Any CPU
		{81DDED9D-158B-E303-5F62-77A2896D2A5A}.Debug|Any CPU.ActiveCfg = Debug|Any CPU
		{81DDED9D-158B-E303-5F62-77A2896D2A5A}.Debug|Any CPU.Build.0 = Debug|Any CPU
		{81DDED9D-158B-E303-5F62-77A2896D2A5A}.Release|Any CPU.ActiveCfg = Release|Any CPU
		{81DDED9D-158B-E303-5F62-77A2896D2A5A}.Release|Any CPU.Build.0 = Release|Any CPU
		{7FB89099-3D31-47EB-B547-8CCE5BB682DB}.Debug|Any CPU.ActiveCfg = Debug|Any CPU
		{7FB89099-3D31-47EB-B547-8CCE5BB682DB}.Debug|Any CPU.Build.0 = Debug|Any CPU
		{7FB89099-3D31-47EB-B547-8CCE5BB682DB}.Release|Any CPU.ActiveCfg = Release|Any CPU
		{7FB89099-3D31-47EB-B547-8CCE5BB682DB}.Release|Any CPU.Build.0 = Release|Any CPU
	EndGlobalSection
	GlobalSection(SolutionProperties) = preSolution
		HideSolutionNode = FALSE
	EndGlobalSection
	GlobalSection(NestedProjects) = preSolution
		{C49D36E0-952B-44DD-BBC2-9F626BB8B651} = {02EA681E-C7D8-13C7-8484-4AC65E1B71E8}
		{3500E0A1-11A4-482A-B5CC-B7EFF304DBC6} = {02EA681E-C7D8-13C7-8484-4AC65E1B71E8}
		{D9C3A05C-9C1B-4536-B652-13134F729C0D} = {02EA681E-C7D8-13C7-8484-4AC65E1B71E8}
		{DBF94C85-C1C5-48C6-B757-B7FAF021AAE6} = {02EA681E-C7D8-13C7-8484-4AC65E1B71E8}
		{EFD59F2C-131B-4973-875D-23F02848937F} = {02EA681E-C7D8-13C7-8484-4AC65E1B71E8}
		{12719837-931C-71FE-E7CC-EDEC1D39200F} = {5F023FFA-F9E4-4782-948B-55A6F3461EA4}
		{422A6D69-1A72-4D0D-BEB4-BF94B4F2613F} = {5F023FFA-F9E4-4782-948B-55A6F3461EA4}
		{5F8EB14A-C015-4537-B0E6-91C1399426BA} = {5F023FFA-F9E4-4782-948B-55A6F3461EA4}
		{C7771781-41E1-4700-82D2-443762E85032} = {5F023FFA-F9E4-4782-948B-55A6F3461EA4}
		{39E4670B-2D24-4D95-8B16-98A9A918C26B} = {242DA602-E719-47BA-BEE1-2E002283AD50}
		{21E41BA0-FA67-333F-B620-D4EE077E1114} = {39E4670B-2D24-4D95-8B16-98A9A918C26B}
		{9A2476F7-8EF6-2F31-D2FF-3C5837C222A6} = {39E4670B-2D24-4D95-8B16-98A9A918C26B}
		{81DDED9D-158B-E303-5F62-77A2896D2A5A} = {39E4670B-2D24-4D95-8B16-98A9A918C26B}
		{7FB89099-3D31-47EB-B547-8CCE5BB682DB} = {39E4670B-2D24-4D95-8B16-98A9A918C26B}
	EndGlobalSection
	GlobalSection(ExtensibilityGlobals) = postSolution
		SolutionGuid = {93F029C1-2028-41D4-B42F-30FEEEDE9F2F}
	EndGlobalSection
EndGlobal
